
Microsoft Visual Studio Solution File, Format Version 12.00
# Visual Studio 2012
Project("{FAE04EC0-301F-11D3-BF4B-00C04F79EFBC}") = "Vendord", "Vendord\Vendord.csproj", "{26A3BCA6-6CB7-4B1D-A59C-7AD84259C647}"
EndProject
Global
	GlobalSection(SolutionConfigurationPlatforms) = preSolution
		Debug|Any CPU = Debug|Any CPU
		Release|Any CPU = Release|Any CPU
	EndGlobalSection
	GlobalSection(ProjectConfigurationPlatforms) = postSolution
		{26A3BCA6-6CB7-4B1D-A59C-7AD84259C647}.Debug|Any CPU.ActiveCfg = Debug|Any CPU
		{26A3BCA6-6CB7-4B1D-A59C-7AD84259C647}.Debug|Any CPU.Build.0 = Debug|Any CPU
		{26A3BCA6-6CB7-4B1D-A59C-7AD84259C647}.Release|Any CPU.ActiveCfg = Release|Any CPU
		{26A3BCA6-6CB7-4B1D-A59C-7AD84259C647}.Release|Any CPU.Build.0 = Release|Any CPU
	EndGlobalSection
	GlobalSection(SolutionProperties) = preSolution
		HideSolutionNode = FALSE
	EndGlobalSection
EndGlobal
